
Microsoft Visual Studio Solution File, Format Version 12.00
# Visual Studio 15
VisualStudioVersion = 15.0.27428.2037
MinimumVisualStudioVersion = 10.0.40219.1
Project("{FAE04EC0-301F-11D3-BF4B-00C04F79EFBC}") = "MOO", "MOO\MOO.csproj", "{ACFDEFD5-E331-47A2-ABE0-2E197CA4FFCF}"
EndProject
Global
	GlobalSection(SolutionConfigurationPlatforms) = preSolution
		Debug|Any CPU = Debug|Any CPU
		Release|Any CPU = Release|Any CPU
	EndGlobalSection
	GlobalSection(ProjectConfigurationPlatforms) = postSolution
		{ACFDEFD5-E331-47A2-ABE0-2E197CA4FFCF}.Debug|Any CPU.ActiveCfg = Debug|Any CPU
		{ACFDEFD5-E331-47A2-ABE0-2E197CA4FFCF}.Debug|Any CPU.Build.0 = Debug|Any CPU
		{ACFDEFD5-E331-47A2-ABE0-2E197CA4FFCF}.Release|Any CPU.ActiveCfg = Release|Any CPU
		{ACFDEFD5-E331-47A2-ABE0-2E197CA4FFCF}.Release|Any CPU.Build.0 = Release|Any CPU
	EndGlobalSection
	GlobalSection(SolutionProperties) = preSolution
		HideSolutionNode = FALSE
	EndGlobalSection
	GlobalSection(ExtensibilityGlobals) = postSolution
		SolutionGuid = {2D346A6C-5793-4D3C-B867-E2F26497F7D1}
	EndGlobalSection
EndGlobal
